// !$*UTF8*$!
{
	archiveVersion = 1;
	classes = {
	};
	objectVersion = 46;
	objects = {

/* Begin PBXBuildFile section */
		4CFEC7DD3F11C32F012594D7 /* libPods-RNUportSigner.a in Frameworks */ = {isa = PBXBuildFile; fileRef = 5C6A72B89D2D4CE04318AA54 /* libPods-RNUportSigner.a */; };
		B3E7B58A1CC2AC0600A0062D /* RNUportSigner.m in Sources */ = {isa = PBXBuildFile; fileRef = B3E7B5891CC2AC0600A0062D /* RNUportSigner.m */; };
		C8464A5C2289CC9800CF2939 /* libEthCore.a in Frameworks */ = {isa = PBXBuildFile; fileRef = C8464A5B2289CC9800CF2939 /* libEthCore.a */; };
		C8796B0721FFB546004EB8E1 /* libUPTEthereumSigner.a in Frameworks */ = {isa = PBXBuildFile; fileRef = C8796B0621FFB546004EB8E1 /* libUPTEthereumSigner.a */; };
		C8796B0921FFB54A004EB8E1 /* libValet.a in Frameworks */ = {isa = PBXBuildFile; fileRef = C8796B0821FFB54A004EB8E1 /* libValet.a */; };
		C8796B0B21FFB54C004EB8E1 /* libISO8601DateFormatter.a in Frameworks */ = {isa = PBXBuildFile; fileRef = C8796B0A21FFB54C004EB8E1 /* libISO8601DateFormatter.a */; };
		C8936FD4221A96CF004EE464 /* RNUportHDSigner.m in Sources */ = {isa = PBXBuildFile; fileRef = C8936FD3221A96CF004EE464 /* RNUportHDSigner.m */; };
/* End PBXBuildFile section */

/* Begin PBXContainerItemProxy section */
		C8BD4E5421E8024400734B19 /* PBXContainerItemProxy */ = {
			isa = PBXContainerItemProxy;
			containerPortal = C8BD4E4121E8024400734B19 /* React.xcodeproj */;
			proxyType = 2;
			remoteGlobalIDString = 83CBBA2E1A601D0E00E9B192;
			remoteInfo = React;
		};
		C8BD4E5621E8024400734B19 /* PBXContainerItemProxy */ = {
			isa = PBXContainerItemProxy;
			containerPortal = C8BD4E4121E8024400734B19 /* React.xcodeproj */;
			proxyType = 2;
			remoteGlobalIDString = 2D2A28131D9B038B00D4039D;
			remoteInfo = "React-tvOS";
		};
		C8BD4E5821E8024400734B19 /* PBXContainerItemProxy */ = {
			isa = PBXContainerItemProxy;
			containerPortal = C8BD4E4121E8024400734B19 /* React.xcodeproj */;
			proxyType = 2;
			remoteGlobalIDString = 3D3C059A1DE3340900C268FA;
			remoteInfo = yoga;
		};
		C8BD4E5A21E8024400734B19 /* PBXContainerItemProxy */ = {
			isa = PBXContainerItemProxy;
			containerPortal = C8BD4E4121E8024400734B19 /* React.xcodeproj */;
			proxyType = 2;
			remoteGlobalIDString = 3D3C06751DE3340C00C268FA;
			remoteInfo = "yoga-tvOS";
		};
		C8BD4E5C21E8024400734B19 /* PBXContainerItemProxy */ = {
			isa = PBXContainerItemProxy;
			containerPortal = C8BD4E4121E8024400734B19 /* React.xcodeproj */;
			proxyType = 2;
			remoteGlobalIDString = 3D3CD9251DE5FBEC00167DC4;
			remoteInfo = cxxreact;
		};
		C8BD4E5E21E8024400734B19 /* PBXContainerItemProxy */ = {
			isa = PBXContainerItemProxy;
			containerPortal = C8BD4E4121E8024400734B19 /* React.xcodeproj */;
			proxyType = 2;
			remoteGlobalIDString = 3D3CD9321DE5FBEE00167DC4;
			remoteInfo = "cxxreact-tvOS";
		};
		C8BD4E6021E8024400734B19 /* PBXContainerItemProxy */ = {
			isa = PBXContainerItemProxy;
			containerPortal = C8BD4E4121E8024400734B19 /* React.xcodeproj */;
			proxyType = 2;
			remoteGlobalIDString = 3D3CD90B1DE5FBD600167DC4;
			remoteInfo = jschelpers;
		};
		C8BD4E6221E8024400734B19 /* PBXContainerItemProxy */ = {
			isa = PBXContainerItemProxy;
			containerPortal = C8BD4E4121E8024400734B19 /* React.xcodeproj */;
			proxyType = 2;
			remoteGlobalIDString = 3D3CD9181DE5FBD800167DC4;
			remoteInfo = "jschelpers-tvOS";
		};
		C8BD4E6421E8024400734B19 /* PBXContainerItemProxy */ = {
			isa = PBXContainerItemProxy;
			containerPortal = C8BD4E4121E8024400734B19 /* React.xcodeproj */;
			proxyType = 2;
			remoteGlobalIDString = EBF21BDC1FC498900052F4D5;
			remoteInfo = jsinspector;
		};
		C8BD4E6621E8024400734B19 /* PBXContainerItemProxy */ = {
			isa = PBXContainerItemProxy;
			containerPortal = C8BD4E4121E8024400734B19 /* React.xcodeproj */;
			proxyType = 2;
			remoteGlobalIDString = EBF21BFA1FC4989A0052F4D5;
			remoteInfo = "jsinspector-tvOS";
		};
		C8BD4E6821E8024400734B19 /* PBXContainerItemProxy */ = {
			isa = PBXContainerItemProxy;
			containerPortal = C8BD4E4121E8024400734B19 /* React.xcodeproj */;
			proxyType = 2;
			remoteGlobalIDString = 139D7ECE1E25DB7D00323FB7;
			remoteInfo = "third-party";
		};
		C8BD4E6A21E8024400734B19 /* PBXContainerItemProxy */ = {
			isa = PBXContainerItemProxy;
			containerPortal = C8BD4E4121E8024400734B19 /* React.xcodeproj */;
			proxyType = 2;
			remoteGlobalIDString = 3D383D3C1EBD27B6005632C8;
			remoteInfo = "third-party-tvOS";
		};
		C8BD4E6C21E8024400734B19 /* PBXContainerItemProxy */ = {
			isa = PBXContainerItemProxy;
			containerPortal = C8BD4E4121E8024400734B19 /* React.xcodeproj */;
			proxyType = 2;
			remoteGlobalIDString = 139D7E881E25C6D100323FB7;
			remoteInfo = "double-conversion";
		};
		C8BD4E6E21E8024400734B19 /* PBXContainerItemProxy */ = {
			isa = PBXContainerItemProxy;
			containerPortal = C8BD4E4121E8024400734B19 /* React.xcodeproj */;
			proxyType = 2;
			remoteGlobalIDString = 3D383D621EBD27B9005632C8;
			remoteInfo = "double-conversion-tvOS";
		};
		C8BD4E7021E8024400734B19 /* PBXContainerItemProxy */ = {
			isa = PBXContainerItemProxy;
			containerPortal = C8BD4E4121E8024400734B19 /* React.xcodeproj */;
			proxyType = 2;
			remoteGlobalIDString = 9936F3131F5F2E4B0010BF04;
			remoteInfo = privatedata;
		};
		C8BD4E7221E8024400734B19 /* PBXContainerItemProxy */ = {
			isa = PBXContainerItemProxy;
			containerPortal = C8BD4E4121E8024400734B19 /* React.xcodeproj */;
			proxyType = 2;
			remoteGlobalIDString = 9936F32F1F5F2E5B0010BF04;
			remoteInfo = "privatedata-tvOS";
		};
/* End PBXContainerItemProxy section */

/* Begin PBXCopyFilesBuildPhase section */
		58B511D91A9E6C8500147676 /* CopyFiles */ = {
			isa = PBXCopyFilesBuildPhase;
			buildActionMask = 12;
			dstPath = "include/$(PRODUCT_NAME)";
			dstSubfolderSpec = 16;
			files = (
			);
			runOnlyForDeploymentPostprocessing = 0;
		};
/* End PBXCopyFilesBuildPhase section */

/* Begin PBXFileReference section */
		131621F73FEEB1045AB20E97 /* Pods-RNUportSigner.release.xcconfig */ = {isa = PBXFileReference; includeInIndex = 1; lastKnownFileType = text.xcconfig; name = "Pods-RNUportSigner.release.xcconfig"; path = "Pods/Target Support Files/Pods-RNUportSigner/Pods-RNUportSigner.release.xcconfig"; sourceTree = "<group>"; };
		134814201AA4EA6300B7C361 /* libRNUportSigner.a */ = {isa = PBXFileReference; explicitFileType = archive.ar; includeInIndex = 0; path = libRNUportSigner.a; sourceTree = BUILT_PRODUCTS_DIR; };
		30D30C57A394A138520F8C54 /* libPods-RNUportSigner.a */ = {isa = PBXFileReference; explicitFileType = archive.ar; includeInIndex = 0; name = "libPods-RNUportSigner.a"; path = "/Users/aldigjoka/Library/Developer/Xcode/DerivedData/RNUportSigner-cikeyixdyutlcabhjofdmewpxarw/Build/Products/Debug-iphonesimulator/libPods-RNUportSigner.a"; sourceTree = "<absolute>"; };
		5C6A72B89D2D4CE04318AA54 /* libPods-RNUportSigner.a */ = {isa = PBXFileReference; explicitFileType = archive.ar; includeInIndex = 0; path = "libPods-RNUportSigner.a"; sourceTree = BUILT_PRODUCTS_DIR; };
		B3E7B5881CC2AC0600A0062D /* RNUportSigner.h */ = {isa = PBXFileReference; fileEncoding = 4; lastKnownFileType = sourcecode.c.h; path = RNUportSigner.h; sourceTree = "<group>"; };
		B3E7B5891CC2AC0600A0062D /* RNUportSigner.m */ = {isa = PBXFileReference; fileEncoding = 4; lastKnownFileType = sourcecode.c.objc; path = RNUportSigner.m; sourceTree = "<group>"; };
		C76375F975B3A061DFA13B0E /* Pods-RNUportSigner.debug.xcconfig */ = {isa = PBXFileReference; includeInIndex = 1; lastKnownFileType = text.xcconfig; name = "Pods-RNUportSigner.debug.xcconfig"; path = "Pods/Target Support Files/Pods-RNUportSigner/Pods-RNUportSigner.debug.xcconfig"; sourceTree = "<group>"; };
		C8464A5B2289CC9800CF2939 /* libEthCore.a */ = {isa = PBXFileReference; explicitFileType = archive.ar; path = libEthCore.a; sourceTree = BUILT_PRODUCTS_DIR; };
		C864D91F21FB9C9100DDB008 /* libCoreEthereum.a */ = {isa = PBXFileReference; explicitFileType = archive.ar; path = libCoreEthereum.a; sourceTree = BUILT_PRODUCTS_DIR; };
		C864D92121FB9C9500DDB008 /* libUPTEthereumSigner.a */ = {isa = PBXFileReference; explicitFileType = archive.ar; path = libUPTEthereumSigner.a; sourceTree = BUILT_PRODUCTS_DIR; };
		C8796A7421FF97AE004EB8E1 /* UPTEthereumSigner.framework */ = {isa = PBXFileReference; explicitFileType = wrapper.framework; path = UPTEthereumSigner.framework; sourceTree = BUILT_PRODUCTS_DIR; };
		C8796AF421FFB0AC004EB8E1 /* UPTEthereumSigner.framework */ = {isa = PBXFileReference; explicitFileType = wrapper.framework; path = UPTEthereumSigner.framework; sourceTree = BUILT_PRODUCTS_DIR; };
		C8796AF621FFB0B0004EB8E1 /* CoreEthereum.framework */ = {isa = PBXFileReference; explicitFileType = wrapper.framework; path = CoreEthereum.framework; sourceTree = BUILT_PRODUCTS_DIR; };
		C8796B0021FFB524004EB8E1 /* libISO8601DateFormatter.a */ = {isa = PBXFileReference; explicitFileType = archive.ar; path = libISO8601DateFormatter.a; sourceTree = BUILT_PRODUCTS_DIR; };
		C8796B0221FFB528004EB8E1 /* libCoreEthereum.a */ = {isa = PBXFileReference; explicitFileType = archive.ar; path = libCoreEthereum.a; sourceTree = BUILT_PRODUCTS_DIR; };
		C8796B0421FFB52F004EB8E1 /* libCoreEthereum.a */ = {isa = PBXFileReference; explicitFileType = archive.ar; path = libCoreEthereum.a; sourceTree = BUILT_PRODUCTS_DIR; };
		C8796B0621FFB546004EB8E1 /* libUPTEthereumSigner.a */ = {isa = PBXFileReference; explicitFileType = archive.ar; path = libUPTEthereumSigner.a; sourceTree = BUILT_PRODUCTS_DIR; };
		C8796B0821FFB54A004EB8E1 /* libValet.a */ = {isa = PBXFileReference; explicitFileType = archive.ar; path = libValet.a; sourceTree = BUILT_PRODUCTS_DIR; };
		C8796B0A21FFB54C004EB8E1 /* libISO8601DateFormatter.a */ = {isa = PBXFileReference; explicitFileType = archive.ar; path = libISO8601DateFormatter.a; sourceTree = BUILT_PRODUCTS_DIR; };
		C8936FD3221A96CF004EE464 /* RNUportHDSigner.m */ = {isa = PBXFileReference; lastKnownFileType = sourcecode.c.objc; path = RNUportHDSigner.m; sourceTree = "<group>"; };
		C8936FD5221A96E6004EE464 /* RNUportHDSigner.h */ = {isa = PBXFileReference; lastKnownFileType = sourcecode.c.h; path = RNUportHDSigner.h; sourceTree = "<group>"; };
		C8BD4E4121E8024400734B19 /* React.xcodeproj */ = {isa = PBXFileReference; lastKnownFileType = "wrapper.pb-project"; name = React.xcodeproj; path = "../../node_modules/react-native/React/React.xcodeproj"; sourceTree = "<group>"; };
/* End PBXFileReference section */

/* Begin PBXFrameworksBuildPhase section */
		58B511D81A9E6C8500147676 /* Frameworks */ = {
			isa = PBXFrameworksBuildPhase;
			buildActionMask = 2147483647;
			files = (
				C8796B0B21FFB54C004EB8E1 /* libISO8601DateFormatter.a in Frameworks */,
				C8796B0921FFB54A004EB8E1 /* libValet.a in Frameworks */,
				C8464A5C2289CC9800CF2939 /* libEthCore.a in Frameworks */,
				C8796B0721FFB546004EB8E1 /* libUPTEthereumSigner.a in Frameworks */,
				4CFEC7DD3F11C32F012594D7 /* libPods-RNUportSigner.a in Frameworks */,
			);
			runOnlyForDeploymentPostprocessing = 0;
		};
/* End PBXFrameworksBuildPhase section */

/* Begin PBXGroup section */
		134814211AA4EA7D00B7C361 /* Products */ = {
			isa = PBXGroup;
			children = (
				134814201AA4EA6300B7C361 /* libRNUportSigner.a */,
			);
			name = Products;
			sourceTree = "<group>";
		};
		1C07DC4DB0315296CCA2703C /* Pods */ = {
			isa = PBXGroup;
			children = (
				C76375F975B3A061DFA13B0E /* Pods-RNUportSigner.debug.xcconfig */,
				131621F73FEEB1045AB20E97 /* Pods-RNUportSigner.release.xcconfig */,
			);
			name = Pods;
			sourceTree = "<group>";
		};
		58B511D21A9E6C8500147676 = {
			isa = PBXGroup;
			children = (
				C8BD4E4021E8022800734B19 /* Libraries */,
				B3E7B5881CC2AC0600A0062D /* RNUportSigner.h */,
				B3E7B5891CC2AC0600A0062D /* RNUportSigner.m */,
				C8936FD5221A96E6004EE464 /* RNUportHDSigner.h */,
				C8936FD3221A96CF004EE464 /* RNUportHDSigner.m */,
				134814211AA4EA7D00B7C361 /* Products */,
				1C07DC4DB0315296CCA2703C /* Pods */,
				7B7F5A76F879F1F8BAAE5568 /* Frameworks */,
			);
			sourceTree = "<group>";
		};
		7B7F5A76F879F1F8BAAE5568 /* Frameworks */ = {
			isa = PBXGroup;
			children = (
				C8464A5B2289CC9800CF2939 /* libEthCore.a */,
				C8796B0A21FFB54C004EB8E1 /* libISO8601DateFormatter.a */,
				C8796B0821FFB54A004EB8E1 /* libValet.a */,
				C8796B0621FFB546004EB8E1 /* libUPTEthereumSigner.a */,
				C8796B0421FFB52F004EB8E1 /* libCoreEthereum.a */,
				C8796B0221FFB528004EB8E1 /* libCoreEthereum.a */,
				C8796B0021FFB524004EB8E1 /* libISO8601DateFormatter.a */,
				C8796AF621FFB0B0004EB8E1 /* CoreEthereum.framework */,
				C8796AF421FFB0AC004EB8E1 /* UPTEthereumSigner.framework */,
				C8796A7421FF97AE004EB8E1 /* UPTEthereumSigner.framework */,
				C864D92121FB9C9500DDB008 /* libUPTEthereumSigner.a */,
				C864D91F21FB9C9100DDB008 /* libCoreEthereum.a */,
				30D30C57A394A138520F8C54 /* libPods-RNUportSigner.a */,
				5C6A72B89D2D4CE04318AA54 /* libPods-RNUportSigner.a */,
			);
			name = Frameworks;
			sourceTree = "<group>";
		};
		C8BD4E4021E8022800734B19 /* Libraries */ = {
			isa = PBXGroup;
			children = (
				C8BD4E4121E8024400734B19 /* React.xcodeproj */,
			);
			path = Libraries;
			sourceTree = "<group>";
		};
		C8BD4E4221E8024400734B19 /* Products */ = {
			isa = PBXGroup;
			children = (
				C8BD4E5521E8024400734B19 /* libReact.a */,
				C8BD4E5721E8024400734B19 /* libReact.a */,
				C8BD4E5921E8024400734B19 /* libyoga.a */,
				C8BD4E5B21E8024400734B19 /* libyoga.a */,
				C8BD4E5D21E8024400734B19 /* libcxxreact.a */,
				C8BD4E5F21E8024400734B19 /* libcxxreact.a */,
				C8BD4E6121E8024400734B19 /* libjschelpers.a */,
				C8BD4E6321E8024400734B19 /* libjschelpers.a */,
				C8BD4E6521E8024400734B19 /* libjsinspector.a */,
				C8BD4E6721E8024400734B19 /* libjsinspector-tvOS.a */,
				C8BD4E6921E8024400734B19 /* libthird-party.a */,
				C8BD4E6B21E8024400734B19 /* libthird-party.a */,
				C8BD4E6D21E8024400734B19 /* libdouble-conversion.a */,
				C8BD4E6F21E8024400734B19 /* libdouble-conversion.a */,
				C8BD4E7121E8024400734B19 /* libprivatedata.a */,
				C8BD4E7321E8024400734B19 /* libprivatedata-tvOS.a */,
			);
			name = Products;
			sourceTree = "<group>";
		};
/* End PBXGroup section */

/* Begin PBXNativeTarget section */
		58B511DA1A9E6C8500147676 /* RNUportSigner */ = {
			isa = PBXNativeTarget;
			buildConfigurationList = 58B511EF1A9E6C8500147676 /* Build configuration list for PBXNativeTarget "RNUportSigner" */;
			buildPhases = (
				B16E63EEDAA094903F7DB36D /* [CP] Check Pods Manifest.lock */,
				58B511D71A9E6C8500147676 /* Sources */,
				58B511D81A9E6C8500147676 /* Frameworks */,
				58B511D91A9E6C8500147676 /* CopyFiles */,
			);
			buildRules = (
			);
			dependencies = (
			);
			name = RNUportSigner;
			productName = RCTDataManager;
			productReference = 134814201AA4EA6300B7C361 /* libRNUportSigner.a */;
			productType = "com.apple.product-type.library.static";
		};
/* End PBXNativeTarget section */

/* Begin PBXProject section */
		58B511D31A9E6C8500147676 /* Project object */ = {
			isa = PBXProject;
			attributes = {
				LastUpgradeCheck = 0830;
				ORGANIZATIONNAME = Facebook;
				TargetAttributes = {
					58B511DA1A9E6C8500147676 = {
						CreatedOnToolsVersion = 6.1.1;
					};
				};
			};
			buildConfigurationList = 58B511D61A9E6C8500147676 /* Build configuration list for PBXProject "RNUportSigner" */;
			compatibilityVersion = "Xcode 3.2";
			developmentRegion = English;
			hasScannedForEncodings = 0;
			knownRegions = (
				English,
				en,
			);
			mainGroup = 58B511D21A9E6C8500147676;
			productRefGroup = 58B511D21A9E6C8500147676;
			projectDirPath = "";
			projectReferences = (
				{
					ProductGroup = C8BD4E4221E8024400734B19 /* Products */;
					ProjectRef = C8BD4E4121E8024400734B19 /* React.xcodeproj */;
				},
			);
			projectRoot = "";
			targets = (
				58B511DA1A9E6C8500147676 /* RNUportSigner */,
			);
		};
/* End PBXProject section */

/* Begin PBXReferenceProxy section */
		C8BD4E5521E8024400734B19 /* libReact.a */ = {
			isa = PBXReferenceProxy;
			fileType = archive.ar;
			path = libReact.a;
			remoteRef = C8BD4E5421E8024400734B19 /* PBXContainerItemProxy */;
			sourceTree = BUILT_PRODUCTS_DIR;
		};
		C8BD4E5721E8024400734B19 /* libReact.a */ = {
			isa = PBXReferenceProxy;
			fileType = archive.ar;
			path = libReact.a;
			remoteRef = C8BD4E5621E8024400734B19 /* PBXContainerItemProxy */;
			sourceTree = BUILT_PRODUCTS_DIR;
		};
		C8BD4E5921E8024400734B19 /* libyoga.a */ = {
			isa = PBXReferenceProxy;
			fileType = archive.ar;
			path = libyoga.a;
			remoteRef = C8BD4E5821E8024400734B19 /* PBXContainerItemProxy */;
			sourceTree = BUILT_PRODUCTS_DIR;
		};
		C8BD4E5B21E8024400734B19 /* libyoga.a */ = {
			isa = PBXReferenceProxy;
			fileType = archive.ar;
			path = libyoga.a;
			remoteRef = C8BD4E5A21E8024400734B19 /* PBXContainerItemProxy */;
			sourceTree = BUILT_PRODUCTS_DIR;
		};
		C8BD4E5D21E8024400734B19 /* libcxxreact.a */ = {
			isa = PBXReferenceProxy;
			fileType = archive.ar;
			path = libcxxreact.a;
			remoteRef = C8BD4E5C21E8024400734B19 /* PBXContainerItemProxy */;
			sourceTree = BUILT_PRODUCTS_DIR;
		};
		C8BD4E5F21E8024400734B19 /* libcxxreact.a */ = {
			isa = PBXReferenceProxy;
			fileType = archive.ar;
			path = libcxxreact.a;
			remoteRef = C8BD4E5E21E8024400734B19 /* PBXContainerItemProxy */;
			sourceTree = BUILT_PRODUCTS_DIR;
		};
		C8BD4E6121E8024400734B19 /* libjschelpers.a */ = {
			isa = PBXReferenceProxy;
			fileType = archive.ar;
			path = libjschelpers.a;
			remoteRef = C8BD4E6021E8024400734B19 /* PBXContainerItemProxy */;
			sourceTree = BUILT_PRODUCTS_DIR;
		};
		C8BD4E6321E8024400734B19 /* libjschelpers.a */ = {
			isa = PBXReferenceProxy;
			fileType = archive.ar;
			path = libjschelpers.a;
			remoteRef = C8BD4E6221E8024400734B19 /* PBXContainerItemProxy */;
			sourceTree = BUILT_PRODUCTS_DIR;
		};
		C8BD4E6521E8024400734B19 /* libjsinspector.a */ = {
			isa = PBXReferenceProxy;
			fileType = archive.ar;
			path = libjsinspector.a;
			remoteRef = C8BD4E6421E8024400734B19 /* PBXContainerItemProxy */;
			sourceTree = BUILT_PRODUCTS_DIR;
		};
		C8BD4E6721E8024400734B19 /* libjsinspector-tvOS.a */ = {
			isa = PBXReferenceProxy;
			fileType = archive.ar;
			path = "libjsinspector-tvOS.a";
			remoteRef = C8BD4E6621E8024400734B19 /* PBXContainerItemProxy */;
			sourceTree = BUILT_PRODUCTS_DIR;
		};
		C8BD4E6921E8024400734B19 /* libthird-party.a */ = {
			isa = PBXReferenceProxy;
			fileType = archive.ar;
			path = "libthird-party.a";
			remoteRef = C8BD4E6821E8024400734B19 /* PBXContainerItemProxy */;
			sourceTree = BUILT_PRODUCTS_DIR;
		};
		C8BD4E6B21E8024400734B19 /* libthird-party.a */ = {
			isa = PBXReferenceProxy;
			fileType = archive.ar;
			path = "libthird-party.a";
			remoteRef = C8BD4E6A21E8024400734B19 /* PBXContainerItemProxy */;
			sourceTree = BUILT_PRODUCTS_DIR;
		};
		C8BD4E6D21E8024400734B19 /* libdouble-conversion.a */ = {
			isa = PBXReferenceProxy;
			fileType = archive.ar;
			path = "libdouble-conversion.a";
			remoteRef = C8BD4E6C21E8024400734B19 /* PBXContainerItemProxy */;
			sourceTree = BUILT_PRODUCTS_DIR;
		};
		C8BD4E6F21E8024400734B19 /* libdouble-conversion.a */ = {
			isa = PBXReferenceProxy;
			fileType = archive.ar;
			path = "libdouble-conversion.a";
			remoteRef = C8BD4E6E21E8024400734B19 /* PBXContainerItemProxy */;
			sourceTree = BUILT_PRODUCTS_DIR;
		};
		C8BD4E7121E8024400734B19 /* libprivatedata.a */ = {
			isa = PBXReferenceProxy;
			fileType = archive.ar;
			path = libprivatedata.a;
			remoteRef = C8BD4E7021E8024400734B19 /* PBXContainerItemProxy */;
			sourceTree = BUILT_PRODUCTS_DIR;
		};
		C8BD4E7321E8024400734B19 /* libprivatedata-tvOS.a */ = {
			isa = PBXReferenceProxy;
			fileType = archive.ar;
			path = "libprivatedata-tvOS.a";
			remoteRef = C8BD4E7221E8024400734B19 /* PBXContainerItemProxy */;
			sourceTree = BUILT_PRODUCTS_DIR;
		};
/* End PBXReferenceProxy section */

/* Begin PBXShellScriptBuildPhase section */
		B16E63EEDAA094903F7DB36D /* [CP] Check Pods Manifest.lock */ = {
			isa = PBXShellScriptBuildPhase;
			buildActionMask = 2147483647;
			files = (
			);
			inputFileListPaths = (
			);
			inputPaths = (
				"${SRCROOT}/Podfile.lock",
				"${SRCROOT}/Pods/Manifest.lock",
			);
			name = "[CP] Check Pods Manifest.lock";
			outputFileListPaths = (
			);
			outputPaths = (
				"$(DERIVED_FILE_DIR)/Pods-RNUportSigner-checkManifestLockResult.txt",
			);
			runOnlyForDeploymentPostprocessing = 0;
			shellPath = /bin/sh;
			shellScript = "diff \"${SRCROOT}/Podfile.lock\" \"${SRCROOT}/Pods/Manifest.lock\" > /dev/null\nif [ $? != 0 ] ; then\n    # print error to STDERR\n    echo \"error: The sandbox is not in sync with the Podfile.lock. Run 'pod install' or update your CocoaPods installation.\" >&2\n    exit 1\nfi\n# This output is used by Xcode 'outputs' to avoid re-running this script phase.\necho \"SUCCESS\" > \"${SCRIPT_OUTPUT_FILE_0}\"\n";
			showEnvVarsInLog = 0;
		};
/* End PBXShellScriptBuildPhase section */

/* Begin PBXSourcesBuildPhase section */
		58B511D71A9E6C8500147676 /* Sources */ = {
			isa = PBXSourcesBuildPhase;
			buildActionMask = 2147483647;
			files = (
				C8936FD4221A96CF004EE464 /* RNUportHDSigner.m in Sources */,
				B3E7B58A1CC2AC0600A0062D /* RNUportSigner.m in Sources */,
			);
			runOnlyForDeploymentPostprocessing = 0;
		};
/* End PBXSourcesBuildPhase section */

/* Begin XCBuildConfiguration section */
		58B511ED1A9E6C8500147676 /* Debug */ = {
			isa = XCBuildConfiguration;
			buildSettings = {
				ALWAYS_SEARCH_USER_PATHS = NO;
				CLANG_CXX_LANGUAGE_STANDARD = "gnu++0x";
				CLANG_CXX_LIBRARY = "libc++";
				CLANG_ENABLE_MODULES = YES;
				CLANG_ENABLE_OBJC_ARC = YES;
				CLANG_WARN_BOOL_CONVERSION = YES;
				CLANG_WARN_CONSTANT_CONVERSION = YES;
				CLANG_WARN_DIRECT_OBJC_ISA_USAGE = YES_ERROR;
				CLANG_WARN_EMPTY_BODY = YES;
				CLANG_WARN_ENUM_CONVERSION = YES;
				CLANG_WARN_INFINITE_RECURSION = YES;
				CLANG_WARN_INT_CONVERSION = YES;
				CLANG_WARN_OBJC_ROOT_CLASS = YES_ERROR;
				CLANG_WARN_SUSPICIOUS_MOVE = YES;
				CLANG_WARN_UNREACHABLE_CODE = YES;
				CLANG_WARN__DUPLICATE_METHOD_MATCH = YES;
				COPY_PHASE_STRIP = NO;
				ENABLE_STRICT_OBJC_MSGSEND = YES;
				ENABLE_TESTABILITY = YES;
				GCC_C_LANGUAGE_STANDARD = gnu99;
				GCC_DYNAMIC_NO_PIC = NO;
				GCC_NO_COMMON_BLOCKS = YES;
				GCC_OPTIMIZATION_LEVEL = 0;
				GCC_PREPROCESSOR_DEFINITIONS = (
					"DEBUG=1",
					"$(inherited)",
				);
				GCC_SYMBOLS_PRIVATE_EXTERN = NO;
				GCC_WARN_64_TO_32_BIT_CONVERSION = YES;
				GCC_WARN_ABOUT_RETURN_TYPE = YES_ERROR;
				GCC_WARN_UNDECLARED_SELECTOR = YES;
				GCC_WARN_UNINITIALIZED_AUTOS = YES_AGGRESSIVE;
				GCC_WARN_UNUSED_FUNCTION = YES;
				GCC_WARN_UNUSED_VARIABLE = YES;
				IPHONEOS_DEPLOYMENT_TARGET = 8.0;
				MTL_ENABLE_DEBUG_INFO = YES;
				ONLY_ACTIVE_ARCH = YES;
				SDKROOT = iphoneos;
			};
			name = Debug;
		};
		58B511EE1A9E6C8500147676 /* Release */ = {
			isa = XCBuildConfiguration;
			buildSettings = {
				ALWAYS_SEARCH_USER_PATHS = NO;
				CLANG_CXX_LANGUAGE_STANDARD = "gnu++0x";
				CLANG_CXX_LIBRARY = "libc++";
				CLANG_ENABLE_MODULES = YES;
				CLANG_ENABLE_OBJC_ARC = YES;
				CLANG_WARN_BOOL_CONVERSION = YES;
				CLANG_WARN_CONSTANT_CONVERSION = YES;
				CLANG_WARN_DIRECT_OBJC_ISA_USAGE = YES_ERROR;
				CLANG_WARN_EMPTY_BODY = YES;
				CLANG_WARN_ENUM_CONVERSION = YES;
				CLANG_WARN_INFINITE_RECURSION = YES;
				CLANG_WARN_INT_CONVERSION = YES;
				CLANG_WARN_OBJC_ROOT_CLASS = YES_ERROR;
				CLANG_WARN_SUSPICIOUS_MOVE = YES;
				CLANG_WARN_UNREACHABLE_CODE = YES;
				CLANG_WARN__DUPLICATE_METHOD_MATCH = YES;
				COPY_PHASE_STRIP = YES;
				ENABLE_NS_ASSERTIONS = NO;
				ENABLE_STRICT_OBJC_MSGSEND = YES;
				GCC_C_LANGUAGE_STANDARD = gnu99;
				GCC_NO_COMMON_BLOCKS = YES;
				GCC_WARN_64_TO_32_BIT_CONVERSION = YES;
				GCC_WARN_ABOUT_RETURN_TYPE = YES_ERROR;
				GCC_WARN_UNDECLARED_SELECTOR = YES;
				GCC_WARN_UNINITIALIZED_AUTOS = YES_AGGRESSIVE;
				GCC_WARN_UNUSED_FUNCTION = YES;
				GCC_WARN_UNUSED_VARIABLE = YES;
				IPHONEOS_DEPLOYMENT_TARGET = 8.0;
				MTL_ENABLE_DEBUG_INFO = NO;
				SDKROOT = iphoneos;
				VALIDATE_PRODUCT = YES;
			};
			name = Release;
		};
		58B511F01A9E6C8500147676 /* Debug */ = {
			isa = XCBuildConfiguration;
			baseConfigurationReference = C76375F975B3A061DFA13B0E /* Pods-RNUportSigner.debug.xcconfig */;
			buildSettings = {
				HEADER_SEARCH_PATHS = (
					"$(inherited)",
					/Applications/Xcode.app/Contents/Developer/Toolchains/XcodeDefault.xctoolchain/usr/include,
					"$(SRCROOT)/../node-modules/React/**",
					"$(SRCROOT)/../node-modules/react-native/React/**",
					"$(SRCROOT)/Pods/EthCore/openssl/include/**",
					"$(SRCROOT)/Pods/UPTEthereumSigner/UPTEthereumSigner/Classes/**",
					"$(SRCROOT)/Pods/EthCore/**",
					"$(SRCROOT)/Pods/Valet",
					"$(SRCROOT)/Pods/",
				);
				LIBRARY_SEARCH_PATHS = "$(inherited)";
				OTHER_LDFLAGS = "-ObjC";
				PRODUCT_NAME = RNUportSigner;
				SKIP_INSTALL = YES;
			};
			name = Debug;
		};
		58B511F11A9E6C8500147676 /* Release */ = {
			isa = XCBuildConfiguration;
			baseConfigurationReference = 131621F73FEEB1045AB20E97 /* Pods-RNUportSigner.release.xcconfig */;
			buildSettings = {
				HEADER_SEARCH_PATHS = (
					"$(inherited)",
					/Applications/Xcode.app/Contents/Developer/Toolchains/XcodeDefault.xctoolchain/usr/include,
					"$(SRCROOT)/../node-modules/React/**",
					"$(SRCROOT)/../node-modules/react-native/React/**",
					"$(SRCROOT)/Pods/EthCore/openssl/include/**",
					"$(SRCROOT)/Pods/UPTEthereumSigner/UPTEthereumSigner/Classes/**",
					"$(SRCROOT)/Pods/EthCore/**",
					"$(SRCROOT)/Pods/Valet",
					"$(SRCROOT)/Pods/",
				);
				LIBRARY_SEARCH_PATHS = "$(inherited)";
				OTHER_LDFLAGS = "-ObjC";
				PRODUCT_NAME = RNUportSigner;
				SKIP_INSTALL = YES;
			};
			name = Release;
		};
/* End XCBuildConfiguration section */

/* Begin XCConfigurationList section */
		58B511D61A9E6C8500147676 /* Build configuration list for PBXProject "RNUportSigner" */ = {
			isa = XCConfigurationList;
			buildConfigurations = (
				58B511ED1A9E6C8500147676 /* Debug */,
				58B511EE1A9E6C8500147676 /* Release */,
			);
			defaultConfigurationIsVisible = 0;
			defaultConfigurationName = Release;
		};
		58B511EF1A9E6C8500147676 /* Build configuration list for PBXNativeTarget "RNUportSigner" */ = {
			isa = XCConfigurationList;
			buildConfigurations = (
				58B511F01A9E6C8500147676 /* Debug */,
				58B511F11A9E6C8500147676 /* Release */,
			);
			defaultConfigurationIsVisible = 0;
			defaultConfigurationName = Release;
		};
/* End XCConfigurationList section */
	};
	rootObject = 58B511D31A9E6C8500147676 /* Project object */;
}
